github.com/edge/atomiccounter v0.0.0-20210118102141-a90281e7bd3a h1:lRRIRcHsGM5p5bz79VHVyrTMKV5puIlj68bU9Q7tx0o=
github.com/edge/atomiccounter v0.0.0-20210118102141-a90281e7bd3a/go.mod h1:J5mXM3GpSEKHHWCM2/kW5D/RUaq1Ha7AnxYEFdK2Wvc=
github.com/edge/atomicstore v0.0.0-20210223133909-944285bfaad0 h1:ZtziQyh7dckMcxvnR6XfiTIh3FAklqDl3OL8ubQ/vNY=
github.com/edge/atomicstore v0.0.0-20210223133909-944285bfaad0/go.mod h1:oBXOZjh2kMnr0vMX7g3uoaeMowujWEBishvPVOTZNLU=
